
Microsoft Visual Studio Solution File, Format Version 12.00
# Visual Studio Version 17
VisualStudioVersion = 17.5.002.0
MinimumVisualStudioVersion = 10.0.40219.1
Project("{9A19103F-16F7-4668-BE54-9A1E7A4F7556}") = "blazorappdemo", "blazorappdemo.csproj", "{7C243B70-5494-47C4-B825-8829F01D0BFD}"
EndProject
Global
	GlobalSection(SolutionConfigurationPlatforms) = preSolution
		Debug|Any CPU = Debug|Any CPU
		Release|Any CPU = Release|Any CPU
	EndGlobalSection
	GlobalSection(ProjectConfigurationPlatforms) = postSolution
		{7C243B70-5494-47C4-B825-8829F01D0BFD}.Debug|Any CPU.ActiveCfg = Debug|Any CPU
		{7C243B70-5494-47C4-B825-8829F01D0BFD}.Debug|Any CPU.Build.0 = Debug|Any CPU
		{7C243B70-5494-47C4-B825-8829F01D0BFD}.Release|Any CPU.ActiveCfg = Release|Any CPU
		{7C243B70-5494-47C4-B825-8829F01D0BFD}.Release|Any CPU.Build.0 = Release|Any CPU
	EndGlobalSection
	GlobalSection(SolutionProperties) = preSolution
		HideSolutionNode = FALSE
	EndGlobalSection
	GlobalSection(ExtensibilityGlobals) = postSolution
		SolutionGuid = {A19FFA43-4DCD-41D6-BF07-86E2C8CC052D}
	EndGlobalSection
EndGlobal
